{
  "name": "neomax-orchestrator",
  "version": "1.0.0",
  "lockfileVersion": 3,
  "requires": true,
  "packages": {
    "": {
      "name": "neomax-orchestrator",
      "version": "1.0.0",
      "license": "MIT",
      "bin": {
        "cdx": "bin/cdx",
        "cdxmax": "bin/cdxmax",
        "cmax": "bin/cmax",
        "neomax-portal": "bin/neomax-portal",
        "neomax-usage-agent": "bin/neomax-usage-agent",
        "neomax-worktrees": "project/neomax-worktrees",
        "gmax": "bin/gmax",
        "gmx": "bin/gmx",
        "kmax": "bin/kmax",
        "kmx": "bin/kmx",
        "neomax": "bin/neomax",
        "ocmax": "bin/ocmax",
        "ocx": "bin/ocx"
      }
    }
  }
}
